// !$*UTF8*$!
{
	archiveVersion = 1;
	classes = {
	};
	objectVersion = 46;
	objects = {

/* Begin PBXBuildFile section */
		AE95E94418CE330C005D9A83 /* Foundation.framework in Frameworks */ = {isa = PBXBuildFile; fileRef = AE95E94318CE330C005D9A83 /* Foundation.framework */; };
		AE95E94618CE330C005D9A83 /* CoreGraphics.framework in Frameworks */ = {isa = PBXBuildFile; fileRef = AE95E94518CE330C005D9A83 /* CoreGraphics.framework */; };
		AE95E94818CE330C005D9A83 /* UIKit.framework in Frameworks */ = {isa = PBXBuildFile; fileRef = AE95E94718CE330C005D9A83 /* UIKit.framework */; };
		AE95E98418CE3773005D9A83 /* AppDelegate.m in Sources */ = {isa = PBXBuildFile; fileRef = AE95E97F18CE3773005D9A83 /* AppDelegate.m */; };
		AE95E98518CE3773005D9A83 /* BiteSized-Info.plist in Resources */ = {isa = PBXBuildFile; fileRef = AE95E98018CE3773005D9A83 /* BiteSized-Info.plist */; };
		AE95E98618CE3773005D9A83 /* InfoPlist.strings in Resources */ = {isa = PBXBuildFile; fileRef = AE95E98218CE3773005D9A83 /* InfoPlist.strings */; };
		AE95E98718CE3773005D9A83 /* main.m in Sources */ = {isa = PBXBuildFile; fileRef = AE95E98318CE3773005D9A83 /* main.m */; };
		AE95E99318CE3828005D9A83 /* .gitkeep in Resources */ = {isa = PBXBuildFile; fileRef = AE95E98A18CE3828005D9A83 /* .gitkeep */; };
		AE95E99618CE3828005D9A83 /* .gitkeep in Resources */ = {isa = PBXBuildFile; fileRef = AE95E99018CE3828005D9A83 /* .gitkeep */; };
		AE95E99F18CE3948005D9A83 /* UIKit.framework in Frameworks */ = {isa = PBXBuildFile; fileRef = AE95E94718CE330C005D9A83 /* UIKit.framework */; };
		AE95E9A018CE3948005D9A83 /* Foundation.framework in Frameworks */ = {isa = PBXBuildFile; fileRef = AE95E94318CE330C005D9A83 /* Foundation.framework */; };
		AE95E9A118CE3948005D9A83 /* CoreGraphics.framework in Frameworks */ = {isa = PBXBuildFile; fileRef = AE95E94518CE330C005D9A83 /* CoreGraphics.framework */; };
		AE95E9AF18CE3949005D9A83 /* ExampleSpec.mm in Sources */ = {isa = PBXBuildFile; fileRef = AE95E9AE18CE3949005D9A83 /* ExampleSpec.mm */; settings = {COMPILER_FLAGS = "-fo-objc-arc"; }; };
		AE95E9C218CE39BD005D9A83 /* .gitkeep in Resources */ = {isa = PBXBuildFile; fileRef = AE95E9B618CE39BD005D9A83 /* .gitkeep */; };
		AE95E9C418CE39BD005D9A83 /* .gitkeep in Resources */ = {isa = PBXBuildFile; fileRef = AE95E9BA18CE39BD005D9A83 /* .gitkeep */; };
		AE95E9C718CE39BD005D9A83 /* .gitkeep in Resources */ = {isa = PBXBuildFile; fileRef = AE95E9C018CE39BD005D9A83 /* .gitkeep */; };
		AE95E9CC18CE39F7005D9A83 /* InfoPlist.strings in Resources */ = {isa = PBXBuildFile; fileRef = AE95E9C818CE39F7005D9A83 /* InfoPlist.strings */; };
		AE95E9CD18CE39F7005D9A83 /* main.m in Sources */ = {isa = PBXBuildFile; fileRef = AE95E9C918CE39F7005D9A83 /* main.m */; };
		AE95E9CE18CE39F7005D9A83 /* Specs-Info.plist in Resources */ = {isa = PBXBuildFile; fileRef = AE95E9CA18CE39F7005D9A83 /* Specs-Info.plist */; };
		AE95E9D018CE3E3B005D9A83 /* BrowseViewControllerSpec.mm in Sources */ = {isa = PBXBuildFile; fileRef = AE95E9CF18CE3E3B005D9A83 /* BrowseViewControllerSpec.mm */; settings = {COMPILER_FLAGS = "-fo-objc-arc"; }; };
		AE95E9D418CE43DE005D9A83 /* BrowseViewController.m in Sources */ = {isa = PBXBuildFile; fileRef = AE95E9D218CE43DE005D9A83 /* BrowseViewController.m */; };
		AE95E9D518CE43DE005D9A83 /* BrowseViewController.m in Sources */ = {isa = PBXBuildFile; fileRef = AE95E9D218CE43DE005D9A83 /* BrowseViewController.m */; };
		AE95E9DA18CE44E5005D9A83 /* BrowseViewController.xib in Resources */ = {isa = PBXBuildFile; fileRef = AE95E9D918CE44E5005D9A83 /* BrowseViewController.xib */; };
		AE95E9DB18CE44E5005D9A83 /* BrowseViewController.xib in Resources */ = {isa = PBXBuildFile; fileRef = AE95E9D918CE44E5005D9A83 /* BrowseViewController.xib */; };
		AE95E9DF18CE456B005D9A83 /* FakeExperienceRepository.m in Sources */ = {isa = PBXBuildFile; fileRef = AE95E9DE18CE456B005D9A83 /* FakeExperienceRepository.m */; };
		AE95E9E218CE4599005D9A83 /* Experience.m in Sources */ = {isa = PBXBuildFile; fileRef = AE95E9E118CE4599005D9A83 /* Experience.m */; };
		AE95E9E318CE4599005D9A83 /* Experience.m in Sources */ = {isa = PBXBuildFile; fileRef = AE95E9E118CE4599005D9A83 /* Experience.m */; };
		AE95E9E518CE4625005D9A83 /* ExperienceSpec.mm in Sources */ = {isa = PBXBuildFile; fileRef = AE95E9E418CE4625005D9A83 /* ExperienceSpec.mm */; settings = {COMPILER_FLAGS = "-fo-objc-arc"; }; };
		AE95E9E818CE623A005D9A83 /* Default-568h@2x.png in Resources */ = {isa = PBXBuildFile; fileRef = AE95E9E718CE623A005D9A83 /* Default-568h@2x.png */; };
		AE95EF0418CE79D3005D9A83 /* libCedar-StaticLib.a in Frameworks */ = {isa = PBXBuildFile; fileRef = AE95EEF518CE79BD005D9A83 /* libCedar-StaticLib.a */; };
		AE95EF0518CE79D6005D9A83 /* libDeferred.a in Frameworks */ = {isa = PBXBuildFile; fileRef = AE95EEDB18CE79AC005D9A83 /* libDeferred.a */; };
		AE95EF0A18CE7A06005D9A83 /* libDeferred.a in Frameworks */ = {isa = PBXBuildFile; fileRef = AE95EEDB18CE79AC005D9A83 /* libDeferred.a */; };
		AE95EF1918CE93FA005D9A83 /* AppDelegateSpec.mm in Sources */ = {isa = PBXBuildFile; fileRef = AE95EF1818CE93FA005D9A83 /* AppDelegateSpec.mm */; };
		AEB3BA3718CF824E00426872 /* AppDelegate.m in Sources */ = {isa = PBXBuildFile; fileRef = AE95E97F18CE3773005D9A83 /* AppDelegate.m */; };
		AEB3BA3B18CF90D500426872 /* RealExperienceRepository.m in Sources */ = {isa = PBXBuildFile; fileRef = AEB3BA3A18CF90D500426872 /* RealExperienceRepository.m */; };
		AEB3BA3C18CF90D500426872 /* RealExperienceRepository.m in Sources */ = {isa = PBXBuildFile; fileRef = AEB3BA3A18CF90D500426872 /* RealExperienceRepository.m */; };
		AEB3BA3F18CF9A8100426872 /* Default-568h@2x.png in Resources */ = {isa = PBXBuildFile; fileRef = AE95E9E718CE623A005D9A83 /* Default-568h@2x.png */; };
/* End PBXBuildFile section */

/* Begin PBXContainerItemProxy section */
		AE95EEDA18CE79AC005D9A83 /* PBXContainerItemProxy */ = {
			isa = PBXContainerItemProxy;
			containerPortal = AE95EED318CE79AC005D9A83 /* Deferred.xcodeproj */;
			proxyType = 2;
			remoteGlobalIDString = E18A7B1515674D9B0083D745;
			remoteInfo = Deferred;
		};
		AE95EEDC18CE79AC005D9A83 /* PBXContainerItemProxy */ = {
			isa = PBXContainerItemProxy;
			containerPortal = AE95EED318CE79AC005D9A83 /* Deferred.xcodeproj */;
			proxyType = 2;
			remoteGlobalIDString = E18A7B3015674EC20083D745;
			remoteInfo = "Deferred-OSX";
		};
		AE95EEDE18CE79AC005D9A83 /* PBXContainerItemProxy */ = {
			isa = PBXContainerItemProxy;
			containerPortal = AE95EED318CE79AC005D9A83 /* Deferred.xcodeproj */;
			proxyType = 2;
			remoteGlobalIDString = E18A7B4415674ED10083D745;
			remoteInfo = Specs;
		};
		AE95EEEE18CE79BD005D9A83 /* PBXContainerItemProxy */ = {
			isa = PBXContainerItemProxy;
			containerPortal = AE95EEE018CE79BC005D9A83 /* Cedar.xcodeproj */;
			proxyType = 2;
			remoteGlobalIDString = AEEE1FB611DC271300029872;
			remoteInfo = Cedar;
		};
		AE95EEF018CE79BD005D9A83 /* PBXContainerItemProxy */ = {
			isa = PBXContainerItemProxy;
			containerPortal = AE95EEE018CE79BC005D9A83 /* Cedar.xcodeproj */;
			proxyType = 2;
			remoteGlobalIDString = AEEE218611DC28E200029872;
			remoteInfo = Specs;
		};
		AE95EEF218CE79BD005D9A83 /* PBXContainerItemProxy */ = {
			isa = PBXContainerItemProxy;
			containerPortal = AE95EEE018CE79BC005D9A83 /* Cedar.xcodeproj */;
			proxyType = 2;
			remoteGlobalIDString = 96A07F0813F276640021974D;
			remoteInfo = FocusedSpecs;
		};
		AE95EEF418CE79BD005D9A83 /* PBXContainerItemProxy */ = {
			isa = PBXContainerItemProxy;
			containerPortal = AE95EEE018CE79BC005D9A83 /* Cedar.xcodeproj */;
			proxyType = 2;
			remoteGlobalIDString = AEEE222911DC2B0600029872;
			remoteInfo = "Cedar-StaticLib";
		};
		AE95EEF618CE79BD005D9A83 /* PBXContainerItemProxy */ = {
			isa = PBXContainerItemProxy;
			containerPortal = AE95EEE018CE79BC005D9A83 /* Cedar.xcodeproj */;
			proxyType = 2;
			remoteGlobalIDString = AEEE227611DC2CF900029872;
			remoteInfo = iOSSpecs;
		};
		AE95EEF818CE79BD005D9A83 /* PBXContainerItemProxy */ = {
			isa = PBXContainerItemProxy;
			containerPortal = AE95EEE018CE79BC005D9A83 /* Cedar.xcodeproj */;
			proxyType = 2;
			remoteGlobalIDString = AE02E7E4184EABCD00414F19;
			remoteInfo = iOSFrameworkSpecs;
		};
		AE95EEFA18CE79BD005D9A83 /* PBXContainerItemProxy */ = {
			isa = PBXContainerItemProxy;
			containerPortal = AE95EEE018CE79BC005D9A83 /* Cedar.xcodeproj */;
			proxyType = 2;
			remoteGlobalIDString = 96B5F9F6144A81A7000A6A5D;
			remoteInfo = OCUnitApp;
		};
		AE95EEFC18CE79BD005D9A83 /* PBXContainerItemProxy */ = {
			isa = PBXContainerItemProxy;
			containerPortal = AE95EEE018CE79BC005D9A83 /* Cedar.xcodeproj */;
			proxyType = 2;
			remoteGlobalIDString = 96B5FA11144A81A8000A6A5D;
			remoteInfo = OCUnitAppTests;
		};
		AE95EEFE18CE79BD005D9A83 /* PBXContainerItemProxy */ = {
			isa = PBXContainerItemProxy;
			containerPortal = AE95EEE018CE79BC005D9A83 /* Cedar.xcodeproj */;
			proxyType = 2;
			remoteGlobalIDString = 1F45A3DD180E4796003C1E36;
			remoteInfo = XCUnitAppTests;
		};
		AE95EF0018CE79BD005D9A83 /* PBXContainerItemProxy */ = {
			isa = PBXContainerItemProxy;
			containerPortal = AE95EEE018CE79BC005D9A83 /* Cedar.xcodeproj */;
			proxyType = 2;
			remoteGlobalIDString = 96158A86144A915E005895CE;
			remoteInfo = OCUnitAppLogicTests;
		};
		AE95EF0218CE79CF005D9A83 /* PBXContainerItemProxy */ = {
			isa = PBXContainerItemProxy;
			containerPortal = AE95EEE018CE79BC005D9A83 /* Cedar.xcodeproj */;
			proxyType = 1;
			remoteGlobalIDString = AEEE222811DC2B0600029872;
			remoteInfo = "Cedar-StaticLib";
		};
		AE95EF0618CE79DB005D9A83 /* PBXContainerItemProxy */ = {
			isa = PBXContainerItemProxy;
			containerPortal = AE95EED318CE79AC005D9A83 /* Deferred.xcodeproj */;
			proxyType = 1;
			remoteGlobalIDString = E18A7B1415674D9B0083D745;
			remoteInfo = Deferred;
		};
		AE95EF0818CE79F6005D9A83 /* PBXContainerItemProxy */ = {
			isa = PBXContainerItemProxy;
			containerPortal = AE95EED318CE79AC005D9A83 /* Deferred.xcodeproj */;
			proxyType = 1;
			remoteGlobalIDString = E18A7B1415674D9B0083D745;
			remoteInfo = Deferred;
		};
/* End PBXContainerItemProxy section */

/* Begin PBXFileReference section */
		AE95E94018CE330C005D9A83 /* BiteSized.app */ = {isa = PBXFileReference; explicitFileType = wrapper.application; includeInIndex = 0; path = BiteSized.app; sourceTree = BUILT_PRODUCTS_DIR; };
		AE95E94318CE330C005D9A83 /* Foundation.framework */ = {isa = PBXFileReference; lastKnownFileType = wrapper.framework; name = Foundation.framework; path = System/Library/Frameworks/Foundation.framework; sourceTree = SDKROOT; };
		AE95E94518CE330C005D9A83 /* CoreGraphics.framework */ = {isa = PBXFileReference; lastKnownFileType = wrapper.framework; name = CoreGraphics.framework; path = System/Library/Frameworks/CoreGraphics.framework; sourceTree = SDKROOT; };
		AE95E94718CE330C005D9A83 /* UIKit.framework */ = {isa = PBXFileReference; lastKnownFileType = wrapper.framework; name = UIKit.framework; path = System/Library/Frameworks/UIKit.framework; sourceTree = SDKROOT; };
		AE95E97E18CE3773005D9A83 /* AppDelegate.h */ = {isa = PBXFileReference; fileEncoding = 4; lastKnownFileType = sourcecode.c.h; name = AppDelegate.h; path = "Supporting Files/AppDelegate.h"; sourceTree = "<group>"; };
		AE95E97F18CE3773005D9A83 /* AppDelegate.m */ = {isa = PBXFileReference; fileEncoding = 4; lastKnownFileType = sourcecode.c.objc; name = AppDelegate.m; path = "Supporting Files/AppDelegate.m"; sourceTree = "<group>"; };
		AE95E98018CE3773005D9A83 /* BiteSized-Info.plist */ = {isa = PBXFileReference; fileEncoding = 4; lastKnownFileType = text.plist.xml; name = "BiteSized-Info.plist"; path = "Supporting Files/BiteSized-Info.plist"; sourceTree = "<group>"; };
		AE95E98118CE3773005D9A83 /* BiteSized-Prefix.pch */ = {isa = PBXFileReference; fileEncoding = 4; lastKnownFileType = sourcecode.c.h; name = "BiteSized-Prefix.pch"; path = "Supporting Files/BiteSized-Prefix.pch"; sourceTree = "<group>"; };
		AE95E98218CE3773005D9A83 /* InfoPlist.strings */ = {isa = PBXFileReference; fileEncoding = 4; lastKnownFileType = text.plist.strings; name = InfoPlist.strings; path = "Supporting Files/InfoPlist.strings"; sourceTree = "<group>"; };
		AE95E98318CE3773005D9A83 /* main.m */ = {isa = PBXFileReference; fileEncoding = 4; lastKnownFileType = sourcecode.c.objc; name = main.m; path = "Supporting Files/main.m"; sourceTree = "<group>"; };
		AE95E98A18CE3828005D9A83 /* .gitkeep */ = {isa = PBXFileReference; fileEncoding = 4; lastKnownFileType = text; path = .gitkeep; sourceTree = "<group>"; };
		AE95E99018CE3828005D9A83 /* .gitkeep */ = {isa = PBXFileReference; fileEncoding = 4; lastKnownFileType = text; path = .gitkeep; sourceTree = "<group>"; };
		AE95E99E18CE3948005D9A83 /* Specs.app */ = {isa = PBXFileReference; explicitFileType = wrapper.application; includeInIndex = 0; path = Specs.app; sourceTree = BUILT_PRODUCTS_DIR; };
		AE95E9AB18CE3948005D9A83 /* Rakefile */ = {isa = PBXFileReference; lastKnownFileType = text; path = Rakefile; sourceTree = "<group>"; };
		AE95E9AE18CE3949005D9A83 /* ExampleSpec.mm */ = {isa = PBXFileReference; lastKnownFileType = sourcecode.cpp.objcpp; path = ExampleSpec.mm; sourceTree = "<group>"; };
		AE95E9B618CE39BD005D9A83 /* .gitkeep */ = {isa = PBXFileReference; fileEncoding = 4; lastKnownFileType = text; path = .gitkeep; sourceTree = "<group>"; };
		AE95E9BA18CE39BD005D9A83 /* .gitkeep */ = {isa = PBXFileReference; fileEncoding = 4; lastKnownFileType = text; path = .gitkeep; sourceTree = "<group>"; };
		AE95E9C018CE39BD005D9A83 /* .gitkeep */ = {isa = PBXFileReference; fileEncoding = 4; lastKnownFileType = text; path = .gitkeep; sourceTree = "<group>"; };
		AE95E9C818CE39F7005D9A83 /* InfoPlist.strings */ = {isa = PBXFileReference; fileEncoding = 4; lastKnownFileType = text.plist.strings; path = InfoPlist.strings; sourceTree = "<group>"; };
		AE95E9C918CE39F7005D9A83 /* main.m */ = {isa = PBXFileReference; fileEncoding = 4; lastKnownFileType = sourcecode.c.objc; path = main.m; sourceTree = "<group>"; };
		AE95E9CA18CE39F7005D9A83 /* Specs-Info.plist */ = {isa = PBXFileReference; fileEncoding = 4; lastKnownFileType = text.plist.xml; path = "Specs-Info.plist"; sourceTree = "<group>"; };
		AE95E9CB18CE39F7005D9A83 /* Specs-Prefix.pch */ = {isa = PBXFileReference; fileEncoding = 4; lastKnownFileType = sourcecode.c.h; path = "Specs-Prefix.pch"; sourceTree = "<group>"; };
		AE95E9CF18CE3E3B005D9A83 /* BrowseViewControllerSpec.mm */ = {isa = PBXFileReference; fileEncoding = 4; lastKnownFileType = sourcecode.cpp.objcpp; path = BrowseViewControllerSpec.mm; sourceTree = "<group>"; };
		AE95E9D118CE43DE005D9A83 /* BrowseViewController.h */ = {isa = PBXFileReference; fileEncoding = 4; lastKnownFileType = sourcecode.c.h; path = BrowseViewController.h; sourceTree = "<group>"; };
		AE95E9D218CE43DE005D9A83 /* BrowseViewController.m */ = {isa = PBXFileReference; fileEncoding = 4; lastKnownFileType = sourcecode.c.objc; path = BrowseViewController.m; sourceTree = "<group>"; };
		AE95E9D918CE44E5005D9A83 /* BrowseViewController.xib */ = {isa = PBXFileReference; fileEncoding = 4; lastKnownFileType = file.xib; name = BrowseViewController.xib; path = Templates/BrowseViewController.xib; sourceTree = "<group>"; };
		AE95E9DD18CE456B005D9A83 /* FakeExperienceRepository.h */ = {isa = PBXFileReference; fileEncoding = 4; lastKnownFileType = sourcecode.c.h; path = FakeExperienceRepository.h; sourceTree = "<group>"; };
		AE95E9DE18CE456B005D9A83 /* FakeExperienceRepository.m */ = {isa = PBXFileReference; fileEncoding = 4; lastKnownFileType = sourcecode.c.objc; path = FakeExperienceRepository.m; sourceTree = "<group>"; };
		AE95E9E018CE4599005D9A83 /* Experience.h */ = {isa = PBXFileReference; fileEncoding = 4; lastKnownFileType = sourcecode.c.h; path = Experience.h; sourceTree = "<group>"; };
		AE95E9E118CE4599005D9A83 /* Experience.m */ = {isa = PBXFileReference; fileEncoding = 4; lastKnownFileType = sourcecode.c.objc; path = Experience.m; sourceTree = "<group>"; };
		AE95E9E418CE4625005D9A83 /* ExperienceSpec.mm */ = {isa = PBXFileReference; fileEncoding = 4; lastKnownFileType = sourcecode.cpp.objcpp; path = ExperienceSpec.mm; sourceTree = "<group>"; };
		AE95E9E618CE6108005D9A83 /* ExperienceRepository.h */ = {isa = PBXFileReference; fileEncoding = 4; lastKnownFileType = sourcecode.c.h; path = ExperienceRepository.h; sourceTree = "<group>"; };
		AE95E9E718CE623A005D9A83 /* Default-568h@2x.png */ = {isa = PBXFileReference; lastKnownFileType = image.png; path = "Default-568h@2x.png"; sourceTree = "<group>"; };
		AE95EED318CE79AC005D9A83 /* Deferred.xcodeproj */ = {isa = PBXFileReference; lastKnownFileType = "wrapper.pb-project"; name = Deferred.xcodeproj; path = Externals/deferred/Deferred.xcodeproj; sourceTree = "<group>"; };
		AE95EEE018CE79BC005D9A83 /* Cedar.xcodeproj */ = {isa = PBXFileReference; lastKnownFileType = "wrapper.pb-project"; name = Cedar.xcodeproj; path = Externals/cedar/Cedar.xcodeproj; sourceTree = "<group>"; };
		AE95EF1818CE93FA005D9A83 /* AppDelegateSpec.mm */ = {isa = PBXFileReference; fileEncoding = 4; lastKnownFileType = sourcecode.cpp.objcpp; path = AppDelegateSpec.mm; sourceTree = "<group>"; };
		AEB3BA3918CF90D500426872 /* RealExperienceRepository.h */ = {isa = PBXFileReference; fileEncoding = 4; lastKnownFileType = sourcecode.c.h; name = RealExperienceRepository.h; path = Repositories/RealExperienceRepository.h; sourceTree = "<group>"; };
		AEB3BA3A18CF90D500426872 /* RealExperienceRepository.m */ = {isa = PBXFileReference; fileEncoding = 4; lastKnownFileType = sourcecode.c.objc; name = RealExperienceRepository.m; path = Repositories/RealExperienceRepository.m; sourceTree = "<group>"; };
/* End PBXFileReference section */

/* Begin PBXFrameworksBuildPhase section */
		AE95E93D18CE330C005D9A83 /* Frameworks */ = {
			isa = PBXFrameworksBuildPhase;
			buildActionMask = 2147483647;
			files = (
				AE95EF0A18CE7A06005D9A83 /* libDeferred.a in Frameworks */,
				AE95E94618CE330C005D9A83 /* CoreGraphics.framework in Frameworks */,
				AE95E94818CE330C005D9A83 /* UIKit.framework in Frameworks */,
				AE95E94418CE330C005D9A83 /* Foundation.framework in Frameworks */,
			);
			runOnlyForDeploymentPostprocessing = 0;
		};
		AE95E99B18CE3948005D9A83 /* Frameworks */ = {
			isa = PBXFrameworksBuildPhase;
			buildActionMask = 2147483647;
			files = (
				AE95EF0518CE79D6005D9A83 /* libDeferred.a in Frameworks */,
				AE95EF0418CE79D3005D9A83 /* libCedar-StaticLib.a in Frameworks */,
				AE95E9A118CE3948005D9A83 /* CoreGraphics.framework in Frameworks */,
				AE95E99F18CE3948005D9A83 /* UIKit.framework in Frameworks */,
				AE95E9A018CE3948005D9A83 /* Foundation.framework in Frameworks */,
			);
			runOnlyForDeploymentPostprocessing = 0;
		};
/* End PBXFrameworksBuildPhase section */

/* Begin PBXGroup section */
		AE95E93718CE330C005D9A83 = {
			isa = PBXGroup;
			children = (
				AE95E9E718CE623A005D9A83 /* Default-568h@2x.png */,
				AE95E94918CE330C005D9A83 /* BiteSized */,
				AE95E9A218CE3948005D9A83 /* Specs */,
				AE95E94218CE330C005D9A83 /* Externals */,
				AE95E94118CE330C005D9A83 /* Products */,
			);
			sourceTree = "<group>";
		};
		AE95E94118CE330C005D9A83 /* Products */ = {
			isa = PBXGroup;
			children = (
				AE95E94018CE330C005D9A83 /* BiteSized.app */,
				AE95E99E18CE3948005D9A83 /* Specs.app */,
			);
			name = Products;
			sourceTree = "<group>";
		};
		AE95E94218CE330C005D9A83 /* Externals */ = {
			isa = PBXGroup;
			children = (
				AE95EEE018CE79BC005D9A83 /* Cedar.xcodeproj */,
				AE95EED318CE79AC005D9A83 /* Deferred.xcodeproj */,
				AE95E94318CE330C005D9A83 /* Foundation.framework */,
				AE95E94518CE330C005D9A83 /* CoreGraphics.framework */,
				AE95E94718CE330C005D9A83 /* UIKit.framework */,
			);
			name = Externals;
			sourceTree = "<group>";
		};
		AE95E94918CE330C005D9A83 /* BiteSized */ = {
			isa = PBXGroup;
			children = (
				AE95E97818CE36E7005D9A83 /* Controllers */,
				AE95E98918CE3828005D9A83 /* Extensions */,
				AE95E98B18CE3828005D9A83 /* Interfaces */,
				AE95E98D18CE3828005D9A83 /* Models */,
				AEB3BA3818CF902700426872 /* Repositories */,
				AE95E98F18CE3828005D9A83 /* Resources */,
				AE95E94A18CE330C005D9A83 /* Supporting Files */,
				AE95E99118CE3828005D9A83 /* Views */,
				AE95E9D818CE4499005D9A83 /* Templates */,
			);
			path = BiteSized;
			sourceTree = "<group>";
		};
		AE95E94A18CE330C005D9A83 /* Supporting Files */ = {
			isa = PBXGroup;
			children = (
				AE95E97E18CE3773005D9A83 /* AppDelegate.h */,
				AE95E97F18CE3773005D9A83 /* AppDelegate.m */,
				AE95E98018CE3773005D9A83 /* BiteSized-Info.plist */,
				AE95E98118CE3773005D9A83 /* BiteSized-Prefix.pch */,
				AE95E98218CE3773005D9A83 /* InfoPlist.strings */,
				AE95E98318CE3773005D9A83 /* main.m */,
			);
			name = "Supporting Files";
			sourceTree = "<group>";
		};
		AE95E97818CE36E7005D9A83 /* Controllers */ = {
			isa = PBXGroup;
			children = (
				AE95E9D118CE43DE005D9A83 /* BrowseViewController.h */,
				AE95E9D218CE43DE005D9A83 /* BrowseViewController.m */,
			);
			path = Controllers;
			sourceTree = "<group>";
		};
		AE95E98918CE3828005D9A83 /* Extensions */ = {
			isa = PBXGroup;
			children = (
				AE95E98A18CE3828005D9A83 /* .gitkeep */,
			);
			path = Extensions;
			sourceTree = "<group>";
		};
		AE95E98B18CE3828005D9A83 /* Interfaces */ = {
			isa = PBXGroup;
			children = (
				AE95E9E618CE6108005D9A83 /* ExperienceRepository.h */,
			);
			path = Interfaces;
			sourceTree = "<group>";
		};
		AE95E98D18CE3828005D9A83 /* Models */ = {
			isa = PBXGroup;
			children = (
				AE95E9E018CE4599005D9A83 /* Experience.h */,
				AE95E9E118CE4599005D9A83 /* Experience.m */,
			);
			path = Models;
			sourceTree = "<group>";
		};
		AE95E98F18CE3828005D9A83 /* Resources */ = {
			isa = PBXGroup;
			children = (
				AE95E99018CE3828005D9A83 /* .gitkeep */,
			);
			path = Resources;
			sourceTree = "<group>";
		};
		AE95E99118CE3828005D9A83 /* Views */ = {
			isa = PBXGroup;
			children = (
			);
			path = Views;
			sourceTree = "<group>";
		};
		AE95E9A218CE3948005D9A83 /* Specs */ = {
			isa = PBXGroup;
			children = (
				AEB3BA4018CFAEBA00426872 /* Repositories */,
				AE95E9B318CE39BD005D9A83 /* Controllers */,
				AE95E9B518CE39BD005D9A83 /* Extensions */,
				AE95E9DC18CE4529005D9A83 /* Fakes */,
				AE95E9B918CE39BD005D9A83 /* Interfaces */,
				AE95E9BB18CE39BD005D9A83 /* Models */,
				AE95E9BD18CE39BD005D9A83 /* Supporting Files */,
				AE95E9BF18CE39BD005D9A83 /* Views */,
				AE95E9AB18CE3948005D9A83 /* Rakefile */,
				AE95E9AE18CE3949005D9A83 /* ExampleSpec.mm */,
			);
			path = Specs;
			sourceTree = "<group>";
		};
		AE95E9B318CE39BD005D9A83 /* Controllers */ = {
			isa = PBXGroup;
			children = (
				AE95E9CF18CE3E3B005D9A83 /* BrowseViewControllerSpec.mm */,
			);
			path = Controllers;
			sourceTree = "<group>";
		};
		AE95E9B518CE39BD005D9A83 /* Extensions */ = {
			isa = PBXGroup;
			children = (
				AE95E9B618CE39BD005D9A83 /* .gitkeep */,
			);
			path = Extensions;
			sourceTree = "<group>";
		};
		AE95E9B918CE39BD005D9A83 /* Interfaces */ = {
			isa = PBXGroup;
			children = (
				AE95E9BA18CE39BD005D9A83 /* .gitkeep */,
			);
			path = Interfaces;
			sourceTree = "<group>";
		};
		AE95E9BB18CE39BD005D9A83 /* Models */ = {
			isa = PBXGroup;
			children = (
				AE95E9E418CE4625005D9A83 /* ExperienceSpec.mm */,
			);
			path = Models;
			sourceTree = "<group>";
		};
		AE95E9BD18CE39BD005D9A83 /* Supporting Files */ = {
			isa = PBXGroup;
			children = (
				AE95E9C818CE39F7005D9A83 /* InfoPlist.strings */,
				AE95E9C918CE39F7005D9A83 /* main.m */,
				AE95E9CA18CE39F7005D9A83 /* Specs-Info.plist */,
				AE95E9CB18CE39F7005D9A83 /* Specs-Prefix.pch */,
				AE95EF1818CE93FA005D9A83 /* AppDelegateSpec.mm */,
			);
			path = "Supporting Files";
			sourceTree = "<group>";
		};
		AE95E9BF18CE39BD005D9A83 /* Views */ = {
			isa = PBXGroup;
			children = (
				AE95E9C018CE39BD005D9A83 /* .gitkeep */,
			);
			path = Views;
			sourceTree = "<group>";
		};
		AE95E9D818CE4499005D9A83 /* Templates */ = {
			isa = PBXGroup;
			children = (
				AE95E9D918CE44E5005D9A83 /* BrowseViewController.xib */,
			);
			name = Templates;
			sourceTree = "<group>";
		};
		AE95E9DC18CE4529005D9A83 /* Fakes */ = {
			isa = PBXGroup;
			children = (
				AE95E9DD18CE456B005D9A83 /* FakeExperienceRepository.h */,
				AE95E9DE18CE456B005D9A83 /* FakeExperienceRepository.m */,
			);
			path = Fakes;
			sourceTree = "<group>";
		};
		AE95EED418CE79AC005D9A83 /* Products */ = {
			isa = PBXGroup;
			children = (
				AE95EEDB18CE79AC005D9A83 /* libDeferred.a */,
				AE95EEDD18CE79AC005D9A83 /* libDeferred-OSX.a */,
				AE95EEDF18CE79AC005D9A83 /* Specs */,
			);
			name = Products;
			sourceTree = "<group>";
		};
		AE95EEE118CE79BC005D9A83 /* Products */ = {
			isa = PBXGroup;
			children = (
				AE95EEEF18CE79BD005D9A83 /* Cedar.framework */,
				AE95EEF118CE79BD005D9A83 /* Specs */,
				AE95EEF318CE79BD005D9A83 /* FocusedSpecs */,
				AE95EEF518CE79BD005D9A83 /* libCedar-StaticLib.a */,
				AE95EEF718CE79BD005D9A83 /* iOSSpecs.app */,
				AE95EEF918CE79BD005D9A83 /* iOSFrameworkSpecs.app */,
				AE95EEFB18CE79BD005D9A83 /* OCUnitApp.app */,
				AE95EEFD18CE79BD005D9A83 /* OCUnitAppTests.octest */,
				AE95EEFF18CE79BD005D9A83 /* XCUnitAppTests.xctest */,
				AE95EF0118CE79BD005D9A83 /* OCUnitAppLogicTests.octest */,
			);
			name = Products;
			sourceTree = "<group>";
		};
		AEB3BA3818CF902700426872 /* Repositories */ = {
			isa = PBXGroup;
			children = (
				AEB3BA3918CF90D500426872 /* RealExperienceRepository.h */,
				AEB3BA3A18CF90D500426872 /* RealExperienceRepository.m */,
			);
			name = Repositories;
			sourceTree = "<group>";
		};
		AEB3BA4018CFAEBA00426872 /* Repositories */ = {
			isa = PBXGroup;
			children = (
			);
			name = Repositories;
			sourceTree = "<group>";
		};
/* End PBXGroup section */

/* Begin PBXNativeTarget section */
		AE95E93F18CE330C005D9A83 /* BiteSized */ = {
			isa = PBXNativeTarget;
			buildConfigurationList = AE95E97218CE330D005D9A83 /* Build configuration list for PBXNativeTarget "BiteSized" */;
			buildPhases = (
				AE95E93C18CE330C005D9A83 /* Sources */,
				AE95E93D18CE330C005D9A83 /* Frameworks */,
				AE95E93E18CE330C005D9A83 /* Resources */,
			);
			buildRules = (
			);
			dependencies = (
				AE95EF0918CE79F6005D9A83 /* PBXTargetDependency */,
			);
			name = BiteSized;
			productName = BiteSized;
			productReference = AE95E94018CE330C005D9A83 /* BiteSized.app */;
			productType = "com.apple.product-type.application";
		};
		AE95E99D18CE3948005D9A83 /* Specs */ = {
			isa = PBXNativeTarget;
			buildConfigurationList = AE95E9B018CE3949005D9A83 /* Build configuration list for PBXNativeTarget "Specs" */;
			buildPhases = (
				AE95E99A18CE3948005D9A83 /* Sources */,
				AE95E99B18CE3948005D9A83 /* Frameworks */,
				AE95E99C18CE3948005D9A83 /* Resources */,
			);
			buildRules = (
			);
			dependencies = (
				AE95EF0718CE79DB005D9A83 /* PBXTargetDependency */,
				AE95EF0318CE79CF005D9A83 /* PBXTargetDependency */,
			);
			name = Specs;
			productName = Specs;
			productReference = AE95E99E18CE3948005D9A83 /* Specs.app */;
			productType = "com.apple.product-type.application";
		};
/* End PBXNativeTarget section */

/* Begin PBXProject section */
		AE95E93818CE330C005D9A83 /* Project object */ = {
			isa = PBXProject;
			attributes = {
				LastUpgradeCheck = 0500;
				ORGANIZATIONNAME = pivotal;
			};
			buildConfigurationList = AE95E93B18CE330C005D9A83 /* Build configuration list for PBXProject "BiteSized" */;
			compatibilityVersion = "Xcode 3.2";
			developmentRegion = English;
			hasScannedForEncodings = 0;
			knownRegions = (
				en,
				Base,
				English,
			);
			mainGroup = AE95E93718CE330C005D9A83;
			productRefGroup = AE95E94118CE330C005D9A83 /* Products */;
			projectDirPath = "";
			projectReferences = (
				{
					ProductGroup = AE95EEE118CE79BC005D9A83 /* Products */;
					ProjectRef = AE95EEE018CE79BC005D9A83 /* Cedar.xcodeproj */;
				},
				{
					ProductGroup = AE95EED418CE79AC005D9A83 /* Products */;
					ProjectRef = AE95EED318CE79AC005D9A83 /* Deferred.xcodeproj */;
				},
			);
			projectRoot = "";
			targets = (
				AE95E93F18CE330C005D9A83 /* BiteSized */,
				AE95E99D18CE3948005D9A83 /* Specs */,
			);
		};
/* End PBXProject section */

/* Begin PBXReferenceProxy section */
		AE95EEDB18CE79AC005D9A83 /* libDeferred.a */ = {
			isa = PBXReferenceProxy;
			fileType = archive.ar;
			path = libDeferred.a;
			remoteRef = AE95EEDA18CE79AC005D9A83 /* PBXContainerItemProxy */;
			sourceTree = BUILT_PRODUCTS_DIR;
		};
		AE95EEDD18CE79AC005D9A83 /* libDeferred-OSX.a */ = {
			isa = PBXReferenceProxy;
			fileType = archive.ar;
			path = "libDeferred-OSX.a";
			remoteRef = AE95EEDC18CE79AC005D9A83 /* PBXContainerItemProxy */;
			sourceTree = BUILT_PRODUCTS_DIR;
		};
		AE95EEDF18CE79AC005D9A83 /* Specs */ = {
			isa = PBXReferenceProxy;
			fileType = "compiled.mach-o.executable";
			path = Specs;
			remoteRef = AE95EEDE18CE79AC005D9A83 /* PBXContainerItemProxy */;
			sourceTree = BUILT_PRODUCTS_DIR;
		};
		AE95EEEF18CE79BD005D9A83 /* Cedar.framework */ = {
			isa = PBXReferenceProxy;
			fileType = wrapper.framework;
			path = Cedar.framework;
			remoteRef = AE95EEEE18CE79BD005D9A83 /* PBXContainerItemProxy */;
			sourceTree = BUILT_PRODUCTS_DIR;
		};
		AE95EEF118CE79BD005D9A83 /* Specs */ = {
			isa = PBXReferenceProxy;
			fileType = "compiled.mach-o.executable";
			path = Specs;
			remoteRef = AE95EEF018CE79BD005D9A83 /* PBXContainerItemProxy */;
			sourceTree = BUILT_PRODUCTS_DIR;
		};
		AE95EEF318CE79BD005D9A83 /* FocusedSpecs */ = {
			isa = PBXReferenceProxy;
			fileType = "compiled.mach-o.executable";
			path = FocusedSpecs;
			remoteRef = AE95EEF218CE79BD005D9A83 /* PBXContainerItemProxy */;
			sourceTree = BUILT_PRODUCTS_DIR;
		};
		AE95EEF518CE79BD005D9A83 /* libCedar-StaticLib.a */ = {
			isa = PBXReferenceProxy;
			fileType = archive.ar;
			path = "libCedar-StaticLib.a";
			remoteRef = AE95EEF418CE79BD005D9A83 /* PBXContainerItemProxy */;
			sourceTree = BUILT_PRODUCTS_DIR;
		};
		AE95EEF718CE79BD005D9A83 /* iOSSpecs.app */ = {
			isa = PBXReferenceProxy;
			fileType = wrapper.application;
			path = iOSSpecs.app;
			remoteRef = AE95EEF618CE79BD005D9A83 /* PBXContainerItemProxy */;
			sourceTree = BUILT_PRODUCTS_DIR;
		};
		AE95EEF918CE79BD005D9A83 /* iOSFrameworkSpecs.app */ = {
			isa = PBXReferenceProxy;
			fileType = wrapper.application;
			path = iOSFrameworkSpecs.app;
			remoteRef = AE95EEF818CE79BD005D9A83 /* PBXContainerItemProxy */;
			sourceTree = BUILT_PRODUCTS_DIR;
		};
		AE95EEFB18CE79BD005D9A83 /* OCUnitApp.app */ = {
			isa = PBXReferenceProxy;
			fileType = wrapper.application;
			path = OCUnitApp.app;
			remoteRef = AE95EEFA18CE79BD005D9A83 /* PBXContainerItemProxy */;
			sourceTree = BUILT_PRODUCTS_DIR;
		};
		AE95EEFD18CE79BD005D9A83 /* OCUnitAppTests.octest */ = {
			isa = PBXReferenceProxy;
			fileType = wrapper.cfbundle;
			path = OCUnitAppTests.octest;
			remoteRef = AE95EEFC18CE79BD005D9A83 /* PBXContainerItemProxy */;
			sourceTree = BUILT_PRODUCTS_DIR;
		};
		AE95EEFF18CE79BD005D9A83 /* XCUnitAppTests.xctest */ = {
			isa = PBXReferenceProxy;
			fileType = wrapper.cfbundle;
			path = XCUnitAppTests.xctest;
			remoteRef = AE95EEFE18CE79BD005D9A83 /* PBXContainerItemProxy */;
			sourceTree = BUILT_PRODUCTS_DIR;
		};
		AE95EF0118CE79BD005D9A83 /* OCUnitAppLogicTests.octest */ = {
			isa = PBXReferenceProxy;
			fileType = wrapper.cfbundle;
			path = OCUnitAppLogicTests.octest;
			remoteRef = AE95EF0018CE79BD005D9A83 /* PBXContainerItemProxy */;
			sourceTree = BUILT_PRODUCTS_DIR;
		};
/* End PBXReferenceProxy section */

/* Begin PBXResourcesBuildPhase section */
		AE95E93E18CE330C005D9A83 /* Resources */ = {
			isa = PBXResourcesBuildPhase;
			buildActionMask = 2147483647;
			files = (
				AE95E98518CE3773005D9A83 /* BiteSized-Info.plist in Resources */,
				AE95E99618CE3828005D9A83 /* .gitkeep in Resources */,
				AE95E99318CE3828005D9A83 /* .gitkeep in Resources */,
				AE95E98618CE3773005D9A83 /* InfoPlist.strings in Resources */,
				AE95E9DA18CE44E5005D9A83 /* BrowseViewController.xib in Resources */,
				AEB3BA3F18CF9A8100426872 /* Default-568h@2x.png in Resources */,
			);
			runOnlyForDeploymentPostprocessing = 0;
		};
		AE95E99C18CE3948005D9A83 /* Resources */ = {
			isa = PBXResourcesBuildPhase;
			buildActionMask = 2147483647;
			files = (
				AE95E9C218CE39BD005D9A83 /* .gitkeep in Resources */,
				AE95E9DB18CE44E5005D9A83 /* BrowseViewController.xib in Resources */,
				AE95E9CE18CE39F7005D9A83 /* Specs-Info.plist in Resources */,
				AE95E9CC18CE39F7005D9A83 /* InfoPlist.strings in Resources */,
				AE95E9C418CE39BD005D9A83 /* .gitkeep in Resources */,
				AE95E9E818CE623A005D9A83 /* Default-568h@2x.png in Resources */,
				AE95E9C718CE39BD005D9A83 /* .gitkeep in Resources */,
			);
			runOnlyForDeploymentPostprocessing = 0;
		};
/* End PBXResourcesBuildPhase section */

/* Begin PBXSourcesBuildPhase section */
		AE95E93C18CE330C005D9A83 /* Sources */ = {
			isa = PBXSourcesBuildPhase;
			buildActionMask = 2147483647;
			files = (
				AEB3BA3B18CF90D500426872 /* RealExperienceRepository.m in Sources */,
				AE95E9E218CE4599005D9A83 /* Experience.m in Sources */,
				AE95E98418CE3773005D9A83 /* AppDelegate.m in Sources */,
				AE95E98718CE3773005D9A83 /* main.m in Sources */,
				AE95E9D418CE43DE005D9A83 /* BrowseViewController.m in Sources */,
			);
			runOnlyForDeploymentPostprocessing = 0;
		};
		AE95E99A18CE3948005D9A83 /* Sources */ = {
			isa = PBXSourcesBuildPhase;
			buildActionMask = 2147483647;
			files = (
				AE95E9DF18CE456B005D9A83 /* FakeExperienceRepository.m in Sources */,
				AE95EF1918CE93FA005D9A83 /* AppDelegateSpec.mm in Sources */,
				AEB3BA3718CF824E00426872 /* AppDelegate.m in Sources */,
				AE95E9E318CE4599005D9A83 /* Experience.m in Sources */,
				AE95E9CD18CE39F7005D9A83 /* main.m in Sources */,
				AEB3BA3C18CF90D500426872 /* RealExperienceRepository.m in Sources */,
				AE95E9E518CE4625005D9A83 /* ExperienceSpec.mm in Sources */,
				AE95E9AF18CE3949005D9A83 /* ExampleSpec.mm in Sources */,
				AE95E9D518CE43DE005D9A83 /* BrowseViewController.m in Sources */,
				AE95E9D018CE3E3B005D9A83 /* BrowseViewControllerSpec.mm in Sources */,
			);
			runOnlyForDeploymentPostprocessing = 0;
		};
/* End PBXSourcesBuildPhase section */

/* Begin PBXTargetDependency section */
		AE95EF0318CE79CF005D9A83 /* PBXTargetDependency */ = {
			isa = PBXTargetDependency;
			name = "Cedar-StaticLib";
			targetProxy = AE95EF0218CE79CF005D9A83 /* PBXContainerItemProxy */;
		};
		AE95EF0718CE79DB005D9A83 /* PBXTargetDependency */ = {
			isa = PBXTargetDependency;
			name = Deferred;
			targetProxy = AE95EF0618CE79DB005D9A83 /* PBXContainerItemProxy */;
		};
		AE95EF0918CE79F6005D9A83 /* PBXTargetDependency */ = {
			isa = PBXTargetDependency;
			name = Deferred;
			targetProxy = AE95EF0818CE79F6005D9A83 /* PBXContainerItemProxy */;
		};
/* End PBXTargetDependency section */

/* Begin XCBuildConfiguration section */
		AE95E97018CE330D005D9A83 /* Debug */ = {
			isa = XCBuildConfiguration;
			buildSettings = {
				ALWAYS_SEARCH_USER_PATHS = NO;
				ARCHS = "$(ARCHS_STANDARD_INCLUDING_64_BIT)";
				CLANG_CXX_LANGUAGE_STANDARD = "gnu++0x";
				CLANG_CXX_LIBRARY = "libc++";
				CLANG_ENABLE_MODULES = YES;
				CLANG_ENABLE_OBJC_ARC = YES;
				CLANG_WARN_BOOL_CONVERSION = YES;
				CLANG_WARN_CONSTANT_CONVERSION = YES;
				CLANG_WARN_DIRECT_OBJC_ISA_USAGE = YES_ERROR;
				CLANG_WARN_EMPTY_BODY = YES;
				CLANG_WARN_ENUM_CONVERSION = YES;
				CLANG_WARN_INT_CONVERSION = YES;
				CLANG_WARN_OBJC_ROOT_CLASS = YES_ERROR;
				CLANG_WARN__DUPLICATE_METHOD_MATCH = YES;
				"CODE_SIGN_IDENTITY[sdk=iphoneos*]" = "iPhone Developer";
				COPY_PHASE_STRIP = NO;
				GCC_C_LANGUAGE_STANDARD = gnu99;
				GCC_DYNAMIC_NO_PIC = NO;
				GCC_OPTIMIZATION_LEVEL = 0;
				GCC_PREPROCESSOR_DEFINITIONS = (
					"DEBUG=1",
					"$(inherited)",
				);
				GCC_SYMBOLS_PRIVATE_EXTERN = NO;
				GCC_WARN_64_TO_32_BIT_CONVERSION = YES;
				GCC_WARN_ABOUT_RETURN_TYPE = YES_ERROR;
				GCC_WARN_UNDECLARED_SELECTOR = YES;
				GCC_WARN_UNINITIALIZED_AUTOS = YES;
				GCC_WARN_UNUSED_FUNCTION = YES;
				GCC_WARN_UNUSED_VARIABLE = YES;
				IPHONEOS_DEPLOYMENT_TARGET = 7.0;
				ONLY_ACTIVE_ARCH = YES;
				SDKROOT = iphoneos;
			};
			name = Debug;
		};
		AE95E97118CE330D005D9A83 /* Release */ = {
			isa = XCBuildConfiguration;
			buildSettings = {
				ALWAYS_SEARCH_USER_PATHS = NO;
				ARCHS = "$(ARCHS_STANDARD_INCLUDING_64_BIT)";
				CLANG_CXX_LANGUAGE_STANDARD = "gnu++0x";
				CLANG_CXX_LIBRARY = "libc++";
				CLANG_ENABLE_MODULES = YES;
				CLANG_ENABLE_OBJC_ARC = YES;
				CLANG_WARN_BOOL_CONVERSION = YES;
				CLANG_WARN_CONSTANT_CONVERSION = YES;
				CLANG_WARN_DIRECT_OBJC_ISA_USAGE = YES_ERROR;
				CLANG_WARN_EMPTY_BODY = YES;
				CLANG_WARN_ENUM_CONVERSION = YES;
				CLANG_WARN_INT_CONVERSION = YES;
				CLANG_WARN_OBJC_ROOT_CLASS = YES_ERROR;
				CLANG_WARN__DUPLICATE_METHOD_MATCH = YES;
				"CODE_SIGN_IDENTITY[sdk=iphoneos*]" = "iPhone Developer";
				COPY_PHASE_STRIP = YES;
				ENABLE_NS_ASSERTIONS = NO;
				GCC_C_LANGUAGE_STANDARD = gnu99;
				GCC_WARN_64_TO_32_BIT_CONVERSION = YES;
				GCC_WARN_ABOUT_RETURN_TYPE = YES_ERROR;
				GCC_WARN_UNDECLARED_SELECTOR = YES;
				GCC_WARN_UNINITIALIZED_AUTOS = YES;
				GCC_WARN_UNUSED_FUNCTION = YES;
				GCC_WARN_UNUSED_VARIABLE = YES;
				IPHONEOS_DEPLOYMENT_TARGET = 7.0;
				SDKROOT = iphoneos;
				VALIDATE_PRODUCT = YES;
			};
			name = Release;
		};
		AE95E97318CE330D005D9A83 /* Debug */ = {
			isa = XCBuildConfiguration;
			buildSettings = {
				ASSETCATALOG_COMPILER_APPICON_NAME = AppIcon;
				GCC_PRECOMPILE_PREFIX_HEADER = YES;
				GCC_PREFIX_HEADER = "BiteSized/Supporting Files/BiteSized-Prefix.pch";
				HEADER_SEARCH_PATHS = (
					"$(inherited)",
					/Applications/Xcode.app/Contents/Developer/Toolchains/XcodeDefault.xctoolchain/usr/include,
					"$(SRCROOT)/Externals/**",
				);
				INFOPLIST_FILE = "$(SRCROOT)/BiteSized/Supporting Files/BiteSized-Info.plist";
				PRODUCT_NAME = "$(TARGET_NAME)";
				WRAPPER_EXTENSION = app;
			};
			name = Debug;
		};
		AE95E97418CE330D005D9A83 /* Release */ = {
			isa = XCBuildConfiguration;
			buildSettings = {
				ASSETCATALOG_COMPILER_APPICON_NAME = AppIcon;
				GCC_PRECOMPILE_PREFIX_HEADER = YES;
				GCC_PREFIX_HEADER = "BiteSized/Supporting Files/BiteSized-Prefix.pch";
				HEADER_SEARCH_PATHS = (
					"$(inherited)",
					/Applications/Xcode.app/Contents/Developer/Toolchains/XcodeDefault.xctoolchain/usr/include,
					"$(SRCROOT)/Externals/**",
				);
				INFOPLIST_FILE = "$(SRCROOT)/BiteSized/Supporting Files/BiteSized-Info.plist";
				PRODUCT_NAME = "$(TARGET_NAME)";
				WRAPPER_EXTENSION = app;
			};
			name = Release;
		};
		AE95E9B118CE3949005D9A83 /* Debug */ = {
			isa = XCBuildConfiguration;
			buildSettings = {
				ARCHS = "$(ARCHS_STANDARD_INCLUDING_64_BIT)";
				"CODE_SIGN_IDENTITY[sdk=iphoneos*]" = "iPhone Developer";
				FRAMEWORK_SEARCH_PATHS = (
					"$(inherited)",
					/Users/pivotal/workspace/bite_sized/ios/Specs/Frameworks,
				);
				GCC_PRECOMPILE_PREFIX_HEADER = YES;
				GCC_PREFIX_HEADER = "Specs/Supporting Files/Specs-Prefix.pch";
				GCC_PREPROCESSOR_DEFINITIONS = (
					"DEBUG=1",
					"$(inherited)",
				);
				HEADER_SEARCH_PATHS = (
					"$(inherited)",
					/Applications/Xcode.app/Contents/Developer/Toolchains/XcodeDefault.xctoolchain/usr/include,
					"$(SRCROOT)/Externals/**",
				);
				INFOPLIST_FILE = "$(SRCROOT)/Specs/Supporting Files/Specs-Info.plist";
				OTHER_LDFLAGS = (
					"-ObjC",
					"-all_load",
					"-lstdc++",
				);
				PRODUCT_NAME = "$(TARGET_NAME)";
				WRAPPER_EXTENSION = app;
			};
			name = Debug;
		};
		AE95E9B218CE3949005D9A83 /* Release */ = {
			isa = XCBuildConfiguration;
			buildSettings = {
				ARCHS = "$(ARCHS_STANDARD_INCLUDING_64_BIT)";
				"CODE_SIGN_IDENTITY[sdk=iphoneos*]" = "iPhone Developer";
				FRAMEWORK_SEARCH_PATHS = (
					"$(inherited)",
					/Users/pivotal/workspace/bite_sized/ios/Specs/Frameworks,
				);
				GCC_PRECOMPILE_PREFIX_HEADER = YES;
				GCC_PREFIX_HEADER = "Specs/Supporting Files/Specs-Prefix.pch";
				HEADER_SEARCH_PATHS = (
					"$(inherited)",
					/Applications/Xcode.app/Contents/Developer/Toolchains/XcodeDefault.xctoolchain/usr/include,
					"$(SRCROOT)/Externals/**",
				);
				INFOPLIST_FILE = "$(SRCROOT)/Specs/Supporting Files/Specs-Info.plist";
				OTHER_CFLAGS = "-DNS_BLOCK_ASSERTIONS=1";
				OTHER_LDFLAGS = (
					"-ObjC",
					"-all_load",
					"-lstdc++",
				);
				PRODUCT_NAME = "$(TARGET_NAME)";
				WRAPPER_EXTENSION = app;
			};
			name = Release;
		};
/* End XCBuildConfiguration section */

/* Begin XCConfigurationList section */
		AE95E93B18CE330C005D9A83 /* Build configuration list for PBXProject "BiteSized" */ = {
			isa = XCConfigurationList;
			buildConfigurations = (
				AE95E97018CE330D005D9A83 /* Debug */,
				AE95E97118CE330D005D9A83 /* Release */,
			);
			defaultConfigurationIsVisible = 0;
			defaultConfigurationName = Release;
		};
		AE95E97218CE330D005D9A83 /* Build configuration list for PBXNativeTarget "BiteSized" */ = {
			isa = XCConfigurationList;
			buildConfigurations = (
				AE95E97318CE330D005D9A83 /* Debug */,
				AE95E97418CE330D005D9A83 /* Release */,
			);
			defaultConfigurationIsVisible = 0;
			defaultConfigurationName = Release;
		};
		AE95E9B018CE3949005D9A83 /* Build configuration list for PBXNativeTarget "Specs" */ = {
			isa = XCConfigurationList;
			buildConfigurations = (
				AE95E9B118CE3949005D9A83 /* Debug */,
				AE95E9B218CE3949005D9A83 /* Release */,
			);
			defaultConfigurationIsVisible = 0;
			defaultConfigurationName = Release;
		};
/* End XCConfigurationList section */
	};
	rootObject = AE95E93818CE330C005D9A83 /* Project object */;
}
